
Microsoft Visual Studio Solution File, Format Version 12.00
# Visual Studio Version 17
VisualStudioVersion = 17.4.32916.344
MinimumVisualStudioVersion = 10.0.40219.1
Project("{9A19103F-16F7-4668-BE54-9A1E7A4F7556}") = "Alcedosoft.Blazor.Sqlite", "Alcedosoft.Blazor.Sqlite\Alcedosoft.Blazor.Sqlite.csproj", "{21C1438D-A146-42B4-970F-4BCDD10D45A8}"
EndProject
Project("{9A19103F-16F7-4668-BE54-9A1E7A4F7556}") = "Alcedosoft.Blazor.Sqlite.Sample", "Alcedosoft.Blazor.Sqlite.Sample\Alcedosoft.Blazor.Sqlite.Sample.csproj", "{B0460B67-C5CC-4078-B4BB-D4B8521AA2D7}"
EndProject
Global
	GlobalSection(SolutionConfigurationPlatforms) = preSolution
		Debug|Any CPU = Debug|Any CPU
		Release|Any CPU = Release|Any CPU
	EndGlobalSection
	GlobalSection(ProjectConfigurationPlatforms) = postSolution
		{21C1438D-A146-42B4-970F-4BCDD10D45A8}.Debug|Any CPU.ActiveCfg = Debug|Any CPU
		{21C1438D-A146-42B4-970F-4BCDD10D45A8}.Debug|Any CPU.Build.0 = Debug|Any CPU
		{21C1438D-A146-42B4-970F-4BCDD10D45A8}.Release|Any CPU.ActiveCfg = Release|Any CPU
		{21C1438D-A146-42B4-970F-4BCDD10D45A8}.Release|Any CPU.Build.0 = Release|Any CPU
		{B0460B67-C5CC-4078-B4BB-D4B8521AA2D7}.Debug|Any CPU.ActiveCfg = Debug|Any CPU
		{B0460B67-C5CC-4078-B4BB-D4B8521AA2D7}.Debug|Any CPU.Build.0 = Debug|Any CPU
		{B0460B67-C5CC-4078-B4BB-D4B8521AA2D7}.Release|Any CPU.ActiveCfg = Release|Any CPU
		{B0460B67-C5CC-4078-B4BB-D4B8521AA2D7}.Release|Any CPU.Build.0 = Release|Any CPU
	EndGlobalSection
	GlobalSection(SolutionProperties) = preSolution
		HideSolutionNode = FALSE
	EndGlobalSection
	GlobalSection(ExtensibilityGlobals) = postSolution
		SolutionGuid = {AF90FFCC-6537-405D-B023-8AC56944E6D9}
	EndGlobalSection
EndGlobal
